
Microsoft Visual Studio Solution File, Format Version 12.00
# Visual Studio 15
VisualStudioVersion = 15.0.28307.852
MinimumVisualStudioVersion = 10.0.40219.1
Project("{FAE04EC0-301F-11D3-BF4B-00C04F79EFBC}") = "Automation.Excel.Pivot.Slicers", "Automation.Excel.Pivot.Slicers\Automation.Excel.Pivot.Slicers.csproj", "{D78AED7E-CC85-42E7-B2C5-B252B27F51BA}"
EndProject
Project("{FAE04EC0-301F-11D3-BF4B-00C04F79EFBC}") = "Automation.Excel.PivotConsole", "Automation.Excel.Pivot.Console\Automation.Excel.PivotConsole.csproj", "{87C2A788-526C-4F28-8FB2-96CB6360261F}"
EndProject
Global
	GlobalSection(SolutionConfigurationPlatforms) = preSolution
		Debug|Any CPU = Debug|Any CPU
		Release|Any CPU = Release|Any CPU
	EndGlobalSection
	GlobalSection(ProjectConfigurationPlatforms) = postSolution
		{D78AED7E-CC85-42E7-B2C5-B252B27F51BA}.Debug|Any CPU.ActiveCfg = Debug|Any CPU
		{D78AED7E-CC85-42E7-B2C5-B252B27F51BA}.Debug|Any CPU.Build.0 = Debug|Any CPU
		{D78AED7E-CC85-42E7-B2C5-B252B27F51BA}.Release|Any CPU.ActiveCfg = Release|Any CPU
		{D78AED7E-CC85-42E7-B2C5-B252B27F51BA}.Release|Any CPU.Build.0 = Release|Any CPU
		{87C2A788-526C-4F28-8FB2-96CB6360261F}.Debug|Any CPU.ActiveCfg = Debug|Any CPU
		{87C2A788-526C-4F28-8FB2-96CB6360261F}.Debug|Any CPU.Build.0 = Debug|Any CPU
		{87C2A788-526C-4F28-8FB2-96CB6360261F}.Release|Any CPU.ActiveCfg = Release|Any CPU
		{87C2A788-526C-4F28-8FB2-96CB6360261F}.Release|Any CPU.Build.0 = Release|Any CPU
	EndGlobalSection
	GlobalSection(SolutionProperties) = preSolution
		HideSolutionNode = FALSE
	EndGlobalSection
	GlobalSection(ExtensibilityGlobals) = postSolution
		SolutionGuid = {6D781737-C83B-4E40-951F-9CC4CE12F0BD}
	EndGlobalSection
EndGlobal
